
Microsoft Visual Studio Solution File, Format Version 12.00
Project("{FAE04EC0-301F-11D3-BF4B-00C04F79EFBC}") = "XPathBuilder", "XPathBuilder\XPathBuilder.csproj", "{ECCC6E6C-23DA-4CFE-9CD4-F2F3B1C08D47}"
EndProject
Project("{FAE04EC0-301F-11D3-BF4B-00C04F79EFBC}") = "XPathBuilder.Tests", "XPathBuilder.Tests\XPathBuilder.Tests.csproj", "{CC431BF4-E949-40FE-A690-B7548B51840C}"
EndProject
Global
	GlobalSection(SolutionConfigurationPlatforms) = preSolution
		Debug|Any CPU = Debug|Any CPU
		Release|Any CPU = Release|Any CPU
	EndGlobalSection
	GlobalSection(ProjectConfigurationPlatforms) = postSolution
		{ECCC6E6C-23DA-4CFE-9CD4-F2F3B1C08D47}.Debug|Any CPU.ActiveCfg = Debug|Any CPU
		{ECCC6E6C-23DA-4CFE-9CD4-F2F3B1C08D47}.Debug|Any CPU.Build.0 = Debug|Any CPU
		{ECCC6E6C-23DA-4CFE-9CD4-F2F3B1C08D47}.Release|Any CPU.ActiveCfg = Release|Any CPU
		{ECCC6E6C-23DA-4CFE-9CD4-F2F3B1C08D47}.Release|Any CPU.Build.0 = Release|Any CPU
		{CC431BF4-E949-40FE-A690-B7548B51840C}.Debug|Any CPU.ActiveCfg = Debug|Any CPU
		{CC431BF4-E949-40FE-A690-B7548B51840C}.Debug|Any CPU.Build.0 = Debug|Any CPU
		{CC431BF4-E949-40FE-A690-B7548B51840C}.Release|Any CPU.ActiveCfg = Release|Any CPU
		{CC431BF4-E949-40FE-A690-B7548B51840C}.Release|Any CPU.Build.0 = Release|Any CPU
	EndGlobalSection
EndGlobal
